PODS:
  - AFNetworking (3.1.0)
  - Cache (4.0.2):
    - SwiftHash (~> 2.0.0)
  - CHIPageControl (0.1.3):
    - CHIPageControl/Aji (= 0.1.3)
    - CHIPageControl/Aleppo (= 0.1.3)
    - CHIPageControl/Chimayo (= 0.1.3)
    - CHIPageControl/Fresno (= 0.1.3)
    - CHIPageControl/Jalapeno (= 0.1.3)
    - CHIPageControl/Jaloro (= 0.1.3)
    - CHIPageControl/Paprika (= 0.1.3)
    - CHIPageControl/Puya (= 0.1.3)
  - CHIPageControl/Aji (0.1.3)
  - CHIPageControl/Aleppo (0.1.3)
  - CHIPageControl/Chimayo (0.1.3)
  - CHIPageControl/Fresno (0.1.3)
  - CHIPageControl/Jalapeno (0.1.3)
  - CHIPageControl/Jaloro (0.1.3)
  - CHIPageControl/Paprika (0.1.3)
  - CHIPageControl/Puya (0.1.3)
  - HandyJSON (1.7.1)
  - IGListKit (3.0.0):
    - IGListKit/Default (= 3.0.0)
  - IGListKit/Default (3.0.0):
    - IGListKit/Diffing
  - IGListKit/Diffing (3.0.0)
  - MBProgressHUD (1.0.0)
  - SCLAlertView (0.7.0)
  - ScrollableGraphView (3.1.0)
  - SnapKit (3.2.0)
  - Spring (1.0.3)
  - SwifterSwift (1.6.4)
  - SwiftHash (2.0.0)
  - SwiftTheme (0.3.3)
  - TTGTagCollectionView (1.6.1)
  - YTKNetwork (2.0.4):
    - AFNetworking (~> 3.0)

DEPENDENCIES:
  - AFNetworking (from `./`)
  - Cache
  - CHIPageControl
  - HandyJSON
  - IGListKit (~> 3.0)
  - MBProgressHUD
  - SCLAlertView
  - ScrollableGraphView
  - SnapKit
  - Spring (from `https://github.com/MengTo/Spring.git`, branch `swift3`)
  - SwifterSwift
  - SwiftTheme
  - TTGTagCollectionView
  - YTKNetwork

EXTERNAL SOURCES:
  AFNetworking:
    :path: ./
  Spring:
    :branch: swift3
    :git: https://github.com/MengTo/Spring.git

CHECKOUT OPTIONS:
  Spring:
    :commit: 8201b5c93bd7ebdf4cd18160bcde1e6e88c2be64
    :git: https://github.com/MengTo/Spring.git

SPEC CHECKSUMS:
  AFNetworking: 7b29f3474d026f3e40d17b9471e463a2d8223487
  Cache: 363b6899cee63c82ccbd291e64a6c202abc17a88
  CHIPageControl: 2d3a0edacd7e3bc113bc88cbf187ba8f0b045548
  HandyJSON: 54b6ce942795f7b2e61b82fe73cf25d9f139d125
  IGListKit: 9eab6856a15fa25ad72018ff9d9eb2178c240fff
  MBProgressHUD: 4890f671c94e8a0f3cf959aa731e9de2f036d71a
  SCLAlertView: 8a14ffc40590c619e183eed2298b854385f30be1
  ScrollableGraphView: e2c8bedc7bbb643e8ac57b9456070d68355c4e4c
  SnapKit: 1ca44df72cfa543218d177cb8aab029d10d86ea7
  Spring: 3f02b5dc3308572ef177b3cad0fa7bbc4b0706f7
  SwifterSwift: 92c73c47c3cbf7d5f788adf6459bf07b5d23d3fb
  SwiftHash: d2e09b13495447178cdfb8e46e54a5c46f15f5a9
  SwiftTheme: 85f84747a48749b5b3df7c3e96fc0b1d45677d30
  TTGTagCollectionView: 828087136810b786ce8c30c89acf3877cccb0383
  YTKNetwork: df8a7a5597bda1664a4efaa7ef871a818a887fe0

PODFILE CHECKSUM: bca7d15eebdc2885174ef865fa0cdf302b8e0bb6

COCOAPODS: 1.3.1
